# THIS IS AN AUTOGENERATED FILE. DO NOT EDIT THIS FILE DIRECTLY.
# yarn lockfile v1


"@lukeed/csprng@^1.0.0":
  version "1.1.0"
  resolved "https://registry.yarnpkg.com/@lukeed/csprng/-/csprng-1.1.0.tgz#1e3e4bd05c1cc7a0b2ddbd8a03f39f6e4b5e6cfe"
  integrity sha512-Z7C/xXCiGWsg0KuKsHTKJxbWhpI3Vs5GwLfOean7MGyVFGqdRgBbAjOCh6u4bbjPc/8MJ2pZmK/0DLdCbivLDA==

"@microsoft/tsdoc@^0.15.0":
  version "0.15.0"
  resolved "https://registry.yarnpkg.com/@microsoft/tsdoc/-/tsdoc-0.15.0.tgz#f29a55df17cb6e87cfbabce33ff6a14a9f85076d"
  integrity sha512-HZpPoABogPvjeJOdzCOSJsXeL/SMCBgBZMVC3X3d7YYp2gf31MfxhUoYUNwf1ERPJOnQc0wkFn9trqI6ZEdZuA==

"@nestjs/common@^10.3.10":
  version "10.3.10"
  resolved "https://registry.yarnpkg.com/@nestjs/common/-/common-10.3.10.tgz#d8825d55a50a04e33080c9188e6a5b03235d19f2"
  integrity sha512-H8k0jZtxk1IdtErGDmxFRy0PfcOAUg41Prrqpx76DQusGGJjsaovs1zjXVD1rZWaVYchfT1uczJ6L4Kio10VNg==
  dependencies:
    uid "2.0.2"
    iterare "1.2.1"
    tslib "2.6.3"

"@nestjs/mapped-types@2.0.5":
  version "2.0.5"
  resolved "https://registry.yarnpkg.com/@nestjs/mapped-types/-/mapped-types-2.0.5.tgz#485d6b44e19779c98d04e52bd1d2bcc7001df0ea"
  integrity sha512-bSJv4pd6EY99NX9CjBIyn4TVDoSit82DUZlL4I3bqNfy5Gt+gXTa86i3I/i0iIV9P4hntcGM5GyO+FhZAhxtyg==

"@nestjs/swagger@^7.4.0":
  version "7.4.0"
  resolved "https://registry.yarnpkg.com/@nestjs/swagger/-/swagger-7.4.0.tgz#e61dbefdfc1d4011327a256896953c74e511c850"
  integrity sha512-dCiwKkRxcR7dZs5jtrGspBAe/nqJd1AYzOBTzw9iCdbq3BGrLpwokelk6lFZPe4twpTsPQqzNKBwKzVbI6AR/g==
  dependencies:
    "@microsoft/tsdoc" "^0.15.0"
    "@nestjs/mapped-types" "2.0.5"
    js-yaml "4.1.0"
    lodash "4.17.21"
    path-to-regexp "3.2.0"
    swagger-ui-dist "5.17.14"

"@types/node@^22.0.3":
  version "22.0.3"
  resolved "https://registry.yarnpkg.com/@types/node/-/node-22.0.3.tgz#955d2eede5b83afdf3400a9769154cbd49e478f7"
  integrity sha512-/e0NZtK2gs6Vk2DoyrXSZZ4AlamqTkx0CcKx1Aq8/P4ITlRgU9OtVf5fl+LXkWWJce1M89pkSlH6lJJEnK7bQA==
  dependencies:
    undici-types "~6.11.1"

"@types/validator@^13.11.8":
  version "13.12.0"
  resolved "https://registry.yarnpkg.com/@types/validator/-/validator-13.12.0.tgz#1fe4c3ae9de5cf5193ce64717c99ef2fa7d8756f"
  integrity sha512-nH45Lk7oPIJ1RVOF6JgFI6Dy0QpHEzq4QecZhvguxYPDwT8c93prCMqAtiIttm39voZ+DDR+qkNnMpJmMBRqag==

argparse@^2.0.1:
  version "2.0.1"
  resolved "https://registry.yarnpkg.com/argparse/-/argparse-2.0.1.tgz#246f50f3ca78a3240f6c997e8a9bd1eac49e4b38"
  integrity sha512-8+9WqebbFzpX9OR+Wa6O29asIogeRMzcGtAINdpMHHyAg10f05aSFVBbcEqGf/PXw1EjAZ+q2/bEBg3DvurK3Q==

class-transformer@^0.5.1:
  version "0.5.1"
  resolved "https://registry.yarnpkg.com/class-transformer/-/class-transformer-0.5.1.tgz#24147d5dffd2a6cea930a3250a677addf96ab336"
  integrity sha512-SQa1Ws6hUbfC98vKGxZH3KFY0Y1lm5Zm0SY8XX9zbK7FJCyVEac3ATW0RIpwzW+oOfmHE5PMPufDG9hCfoEOMw==

class-validator@^0.14.1:
  version "0.14.1"
  resolved "https://registry.yarnpkg.com/class-validator/-/class-validator-0.14.1.tgz#ff2411ed8134e9d76acfeb14872884448be98110"
  integrity sha512-2VEG9JICxIqTpoK1eMzZqaV+u/EiwEJkMGzTrZf6sU/fwsnOITVgYJ8yojSy6CaXtO9V0Cc6ZQZ8h8m4UBuLwQ==
  dependencies:
    "@types/validator" "^13.11.8"
    libphonenumber-js "^1.10.53"
    validator "^13.9.0"

geojson@^0.5.0:
  version "0.5.0"
  resolved "https://registry.yarnpkg.com/geojson/-/geojson-0.5.0.tgz#3cd6c96399be65b56ee55596116fe9191ce701c0"
  integrity sha512-/Bx5lEn+qRF4TfQ5aLu6NH+UKtvIv7Lhc487y/c8BdludrCTpiWf9wyI0RTyqg49MFefIAvFDuEi5Dfd/zgNxQ==

iterare@1.2.1:
  version "1.2.1"
  resolved "https://registry.yarnpkg.com/iterare/-/iterare-1.2.1.tgz#139c400ff7363690e33abffa33cbba8920f00042"
  integrity sha512-RKYVTCjAnRthyJes037NX/IiqeidgN1xc3j1RjFfECFp28A1GVwK9nA+i0rJPaHqSZwygLzRnFlzUuHFoWWy+Q==

js-yaml@4.1.0:
  version "4.1.0"
  resolved "https://registry.yarnpkg.com/js-yaml/-/js-yaml-4.1.0.tgz#c1fb65f8f5017901cdd2c951864ba18458a10602"
  integrity sha512-wpxZs9NoxZaJESJGIZTyDEaYpl0FKSA+FB9aJiyemKhMwkxQg63h4T1KJgUGHpTqPDNRcmmYLugrRjJlBtWvRA==
  dependencies:
    argparse "^2.0.1"

libphonenumber-js@^1.10.53:
  version "1.11.5"
  resolved "https://registry.yarnpkg.com/libphonenumber-js/-/libphonenumber-js-1.11.5.tgz#50a441da5ff9ed9a322d796a14f1e9cbc0fdabdf"
  integrity sha512-TwHR5BZxGRODtAfz03szucAkjT5OArXr+94SMtAM2pYXIlQNVMrxvb6uSCbnaJJV6QXEyICk7+l6QPgn72WHhg==

lodash@4.17.21:
  version "4.17.21"
  resolved "https://registry.yarnpkg.com/lodash/-/lodash-4.17.21.tgz#679591c564c3bffaae8454cf0b3df370c3d6911c"
  integrity sha512-v2kDEe57lecTulaDIuNTPy3Ry4gLGJ6Z1O3vE1krgXZNrsQ+LFTGHVxVjcXPs17LhbZVGedAJv8XZ1tvj5FvSg==

path-to-regexp@3.2.0:
  version "3.2.0"
  resolved "https://registry.yarnpkg.com/path-to-regexp/-/path-to-regexp-3.2.0.tgz#fa7877ecbc495c601907562222453c43cc204a5f"
  integrity sha512-jczvQbCUS7XmS7o+y1aEO9OBVFeZBQ1MDSEqmO7xSoPgOPoowY/SxLpZ6Vh97/8qHZOteiCKb7gkG9gA2ZUxJA==

rxjs@^7.8.1:
  version "7.8.1"
  resolved "https://registry.yarnpkg.com/rxjs/-/rxjs-7.8.1.tgz#6f6f3d99ea8044291efd92e7c7fcf562c4057543"
  integrity sha512-AA3TVj+0A2iuIoQkWEK/tqFjBq2j+6PO6Y0zJcvzLAFhEFIO3HL0vls9hWLncZbAAbK0mar7oZ4V079I/qPMxg==
  dependencies:
    tslib "^2.1.0"

swagger-ui-dist@5.17.14:
  version "5.17.14"
  resolved "https://registry.yarnpkg.com/swagger-ui-dist/-/swagger-ui-dist-5.17.14.tgz#e2c222e5bf9e15ccf80ec4bc08b4aaac09792fd6"
  integrity sha512-CVbSfaLpstV65OnSjbXfVd6Sta3q3F7Cj/yYuvHMp1P90LztOLs6PfUnKEVAeiIVQt9u2SaPwv0LiH/OyMjHRw==

tslib@2.6.3, tslib@^2.1.0:
  version "2.6.3"
  resolved "https://registry.yarnpkg.com/tslib/-/tslib-2.6.3.tgz#0438f810ad7a9edcde7a241c3d80db693c8cbfe0"
  integrity sha512-xNvxJEOUiWPGhUuUdQgAJPKOOJfGnIyKySOc09XkKsgdUV/3E2zvwZYdejjmRgPCgcym1juLH3226yA7sEFJKQ==

typescript@^5.5.4:
  version "5.5.4"
  resolved "https://registry.yarnpkg.com/typescript/-/typescript-5.5.4.tgz#d9852d6c82bad2d2eda4fd74a5762a8f5909e9ba"
  integrity sha512-Mtq29sKDAEYP7aljRgtPOpTvOfbwRWlS6dPRzwjdE+C0R4brX/GUyhHSecbHMFLNBLcJIPt9nl9yG5TZ1weH+Q==

uid@2.0.2:
  version "2.0.2"
  resolved "https://registry.yarnpkg.com/uid/-/uid-2.0.2.tgz#4b5782abf0f2feeefc00fa88006b2b3b7af3e3b9"
  integrity sha512-u3xV3X7uzvi5b1MncmZo3i2Aw222Zk1keqLA1YkHldREkAhAqi65wuPfe7lHx8H/Wzy+8CE7S7uS3jekIM5s8g==
  dependencies:
    "@lukeed/csprng" "^1.0.0"

undici-types@~6.11.1:
  version "6.11.1"
  resolved "https://registry.yarnpkg.com/undici-types/-/undici-types-6.11.1.tgz#432ea6e8efd54a48569705a699e62d8f4981b197"
  integrity sha512-mIDEX2ek50x0OlRgxryxsenE5XaQD4on5U2inY7RApK3SOJpofyw7uW2AyfMKkhAxXIceo2DeWGVGwyvng1GNQ==

validator@^13.12.0, validator@^13.9.0:
  version "13.12.0"
  resolved "https://registry.yarnpkg.com/validator/-/validator-13.12.0.tgz#7d78e76ba85504da3fee4fd1922b385914d4b35f"
  integrity sha512-c1Q0mCiPlgdTVVVIJIrBuxNicYE+t/7oKeI9MWLj3fh/uq2Pxh/3eeWbVZ4OcGW1TUf53At0njHw5SMdA3tmMg==
